
Microsoft Visual Studio Solution File, Format Version 12.00
# Visual Studio Version 17
VisualStudioVersion = 17.14.36202.13
MinimumVisualStudioVersion = 10.0.40219.1
Project("{FAE04EC0-301F-11D3-BF4B-00C04F79EFBC}") = "ServerTest", "ServerTest\ServerTest.csproj", "{0E263921-74C9-4636-8CF6-8CD774D8AEDE}"
EndProject
Global
	GlobalSection(SolutionConfigurationPlatforms) = preSolution
		Debug|Any CPU = Debug|Any CPU
		Production|Any CPU = Production|Any CPU
		Release|Any CPU = Release|Any CPU
	EndGlobalSection
	GlobalSection(ProjectConfigurationPlatforms) = postSolution
		{0E263921-74C9-4636-8CF6-8CD774D8AEDE}.Debug|Any CPU.ActiveCfg = Debug|Any CPU
		{0E263921-74C9-4636-8CF6-8CD774D8AEDE}.Debug|Any CPU.Build.0 = Debug|Any CPU
		{0E263921-74C9-4636-8CF6-8CD774D8AEDE}.Release|Any CPU.ActiveCfg = Release|Any CPU
		{0E263921-74C9-4636-8CF6-8CD774D8AEDE}.Release|Any CPU.Build.0 = Release|Any CPU
		{0E263921-74C9-4636-8CF6-8CD774D8AEDE}.Production|Any CPU.ActiveCfg = Production|Any CPU
		{0E263921-74C9-4636-8CF6-8CD774D8AEDE}.Production|Any CPU.Build.0 = Production|Any CPU
		{0E263921-74C9-4636-8CF6-8CD774D8AEDE}.Production|Any CPU.Deploy.0 = Production|Any CPU
	EndGlobalSection
	GlobalSection(SolutionProperties) = preSolution
		HideSolutionNode = FALSE
	EndGlobalSection
	GlobalSection(ExtensibilityGlobals) = postSolution
		SolutionGuid = {A38BE43F-1AE7-48C3-97FE-4BD4CAC317AE}
	EndGlobalSection
EndGlobal
